
Microsoft Visual Studio Solution File, Format Version 12.00
# Visual Studio Version 17
VisualStudioVersion = 17.0.31903.59
MinimumVisualStudioVersion = 10.0.40219.1
Project("{FAE04EC0-301F-11D3-BF4B-00C04F79EFBC}") = "PasswordManager", "PasswordManager\PasswordManager.csproj", "{66464EDD-084C-4BF8-978C-7357896EE246}"
EndProject
Global
	GlobalSection(SolutionConfigurationPlatforms) = preSolution
		Debug|Any CPU = Debug|Any CPU
		Release|Any CPU = Release|Any CPU
	EndGlobalSection
	GlobalSection(ProjectConfigurationPlatforms) = postSolution
		{66464EDD-084C-4BF8-978C-7357896EE246}.Debug|Any CPU.ActiveCfg = Debug|Any CPU
		{66464EDD-084C-4BF8-978C-7357896EE246}.Debug|Any CPU.Build.0 = Debug|Any CPU
		{66464EDD-084C-4BF8-978C-7357896EE246}.Release|Any CPU.ActiveCfg = Release|Any CPU
		{66464EDD-084C-4BF8-978C-7357896EE246}.Release|Any CPU.Build.0 = Release|Any CPU
	EndGlobalSection
	GlobalSection(SolutionProperties) = preSolution
		HideSolutionNode = FALSE
	EndGlobalSection
	GlobalSection(ExtensibilityGlobals) = postSolution
		SolutionGuid = {DBBF444E-FBA5-43A3-8325-4996EB661BF2}
	EndGlobalSection
EndGlobal
